
Microsoft Visual Studio Solution File, Format Version 12.00
# Visual Studio Version 17
VisualStudioVersion = 17.0.31919.166
MinimumVisualStudioVersion = 10.0.40219.1
Project("{FAE04EC0-301F-11D3-BF4B-00C04F79EFBC}") = "csharpStudies", "csharpStudies\csharpStudies.csproj", "{8A1B5FC8-B432-4326-B3F3-00839A835621}"
EndProject
Global
	GlobalSection(SolutionConfigurationPlatforms) = preSolution
		Debug|Any CPU = Debug|Any CPU
		Release|Any CPU = Release|Any CPU
	EndGlobalSection
	GlobalSection(ProjectConfigurationPlatforms) = postSolution
		{8A1B5FC8-B432-4326-B3F3-00839A835621}.Debug|Any CPU.ActiveCfg = Debug|Any CPU
		{8A1B5FC8-B432-4326-B3F3-00839A835621}.Debug|Any CPU.Build.0 = Debug|Any CPU
		{8A1B5FC8-B432-4326-B3F3-00839A835621}.Release|Any CPU.ActiveCfg = Release|Any CPU
		{8A1B5FC8-B432-4326-B3F3-00839A835621}.Release|Any CPU.Build.0 = Release|Any CPU
	EndGlobalSection
	GlobalSection(SolutionProperties) = preSolution
		HideSolutionNode = FALSE
	EndGlobalSection
	GlobalSection(ExtensibilityGlobals) = postSolution
		SolutionGuid = {245B4F7F-7E15-40CC-99B1-2D66BA356070}
	EndGlobalSection
EndGlobal
